
Microsoft Visual Studio Solution File, Format Version 12.00
# Visual Studio Version 17
VisualStudioVersion = 17.5.002.0
MinimumVisualStudioVersion = 10.0.40219.1
Project("{9A19103F-16F7-4668-BE54-9A1E7A4F7556}") = "Caching_Hangfire", "Caching_Hangfire.csproj", "{2EC137CA-0688-4BEB-A317-A74BA71FE409}"
EndProject
Global
	GlobalSection(SolutionConfigurationPlatforms) = preSolution
		Debug|Any CPU = Debug|Any CPU
		Release|Any CPU = Release|Any CPU
	EndGlobalSection
	GlobalSection(ProjectConfigurationPlatforms) = postSolution
		{2EC137CA-0688-4BEB-A317-A74BA71FE409}.Debug|Any CPU.ActiveCfg = Debug|Any CPU
		{2EC137CA-0688-4BEB-A317-A74BA71FE409}.Debug|Any CPU.Build.0 = Debug|Any CPU
		{2EC137CA-0688-4BEB-A317-A74BA71FE409}.Release|Any CPU.ActiveCfg = Release|Any CPU
		{2EC137CA-0688-4BEB-A317-A74BA71FE409}.Release|Any CPU.Build.0 = Release|Any CPU
	EndGlobalSection
	GlobalSection(SolutionProperties) = preSolution
		HideSolutionNode = FALSE
	EndGlobalSection
	GlobalSection(ExtensibilityGlobals) = postSolution
		SolutionGuid = {A8000653-A3CD-42C5-97B8-BE1325A579DB}
	EndGlobalSection
EndGlobal
